
Microsoft Visual Studio Solution File, Format Version 12.00
# Visual Studio Version 17
VisualStudioVersion = 17.14.36310.24 d17.14
MinimumVisualStudioVersion = 10.0.40219.1
Project("{FAE04EC0-301F-11D3-BF4B-00C04F79EFBC}") = "PcSaler", "PcSaler.csproj", "{8D2383B5-3659-40B9-BA43-B6110F141F4A}"
EndProject
Global
	GlobalSection(SolutionConfigurationPlatforms) = preSolution
		Debug|Any CPU = Debug|Any CPU
		Release|Any CPU = Release|Any CPU
	EndGlobalSection
	GlobalSection(ProjectConfigurationPlatforms) = postSolution
		{8D2383B5-3659-40B9-BA43-B6110F141F4A}.Debug|Any CPU.ActiveCfg = Debug|Any CPU
		{8D2383B5-3659-40B9-BA43-B6110F141F4A}.Debug|Any CPU.Build.0 = Debug|Any CPU
		{8D2383B5-3659-40B9-BA43-B6110F141F4A}.Release|Any CPU.ActiveCfg = Release|Any CPU
		{8D2383B5-3659-40B9-BA43-B6110F141F4A}.Release|Any CPU.Build.0 = Release|Any CPU
	EndGlobalSection
	GlobalSection(SolutionProperties) = preSolution
		HideSolutionNode = FALSE
	EndGlobalSection
	GlobalSection(ExtensibilityGlobals) = postSolution
		SolutionGuid = {376285E9-ED6C-4ACE-AD2B-8F0C21987F7F}
	EndGlobalSection
EndGlobal
